
Microsoft Visual Studio Solution File, Format Version 12.00
# Visual Studio Version 16
VisualStudioVersion = 16.0.29215.179
MinimumVisualStudioVersion = 10.0.40219.1
Project("{FAE04EC0-301F-11D3-BF4B-00C04F79EFBC}") = "WpfApp1", "WpfApp1\WpfApp1.csproj", "{515BC0CC-8F83-4D6E-9ABA-436225AB705C}"
EndProject
Project("{FAE04EC0-301F-11D3-BF4B-00C04F79EFBC}") = "WpfControlLibrary1", "WpfControlLibrary1\WpfControlLibrary1.csproj", "{7141F0F0-830D-4905-98E2-8B524A9821A0}"
EndProject
Global
	GlobalSection(SolutionConfigurationPlatforms) = preSolution
		Debug|Any CPU = Debug|Any CPU
		Release|Any CPU = Release|Any CPU
	EndGlobalSection
	GlobalSection(ProjectConfigurationPlatforms) = postSolution
		{515BC0CC-8F83-4D6E-9ABA-436225AB705C}.Debug|Any CPU.ActiveCfg = Debug|Any CPU
		{515BC0CC-8F83-4D6E-9ABA-436225AB705C}.Debug|Any CPU.Build.0 = Debug|Any CPU
		{515BC0CC-8F83-4D6E-9ABA-436225AB705C}.Release|Any CPU.ActiveCfg = Release|Any CPU
		{515BC0CC-8F83-4D6E-9ABA-436225AB705C}.Release|Any CPU.Build.0 = Release|Any CPU
		{7141F0F0-830D-4905-98E2-8B524A9821A0}.Debug|Any CPU.ActiveCfg = Debug|Any CPU
		{7141F0F0-830D-4905-98E2-8B524A9821A0}.Debug|Any CPU.Build.0 = Debug|Any CPU
		{7141F0F0-830D-4905-98E2-8B524A9821A0}.Release|Any CPU.ActiveCfg = Release|Any CPU
		{7141F0F0-830D-4905-98E2-8B524A9821A0}.Release|Any CPU.Build.0 = Release|Any CPU
	EndGlobalSection
	GlobalSection(SolutionProperties) = preSolution
		HideSolutionNode = FALSE
	EndGlobalSection
	GlobalSection(ExtensibilityGlobals) = postSolution
		SolutionGuid = {CFA420F2-710D-4484-ADD4-38EB47F2233F}
	EndGlobalSection
EndGlobal
